{
    "name": "react-recipes-app",
    "version": "0.1.0",
    "lockfileVersion": 1,
    "requires": true,
    "dependencies": {
        "body-parser": {
            "version": "1.17.2",
            "resolved": "https://registry.npmjs.org/body-parser/-/body-parser-1.17.2.tgz",
            "integrity": "sha1-+IkqvI+eYn1Crtr7yma/WrmRBO4=",
            "dependencies": {
                "bytes": {
                    "version": "2.4.0",
                    "resolved": "https://registry.npmjs.org/bytes/-/bytes-2.4.0.tgz",
                    "integrity": "sha1-fZcZb51br39pNeJZhVSe3SpsIzk="
                },
                "iconv-lite": {
                    "version": "0.4.15",
                    "resolved": "https://registry.npmjs.org/iconv-lite/-/iconv-lite-0.4.15.tgz",
                    "integrity": "sha1-/iZaIYrGpXz+hUkn6dBMGYJe3es="
                }
            }
        },
        "cors": {
            "version": "2.8.3",
            "resolved": "https://registry.npmjs.org/cors/-/cors-2.8.3.tgz",
            "integrity": "sha1-TPeOHSMymnSWsvwiJbd8pbteuAI="
        },
        "dotenv": {
            "version": "4.0.0",
            "resolved": "https://registry.npmjs.org/dotenv/-/dotenv-4.0.0.tgz",
            "integrity": "sha1-hk7xN5rO1Vzm+V3r7NzhefegzR0="
        },
        "escape-html": {
            "version": "1.0.3",
            "resolved": "https://registry.npmjs.org/escape-html/-/escape-html-1.0.3.tgz",
            "integrity": "sha1-Aljq5NPQwJdN4cFpGI7wBR0dGYg="
        },
        "express": {
            "version": "4.15.3",
            "resolved": "https://registry.npmjs.org/express/-/express-4.15.3.tgz",
            "integrity": "sha1-urZdDwOqgMNYQIly/HAPkWlEtmI="
        },
        "mongoose": {
            "version": "4.10.6",
            "resolved": "https://registry.npmjs.org/mongoose/-/mongoose-4.10.6.tgz",
            "integrity": "sha1-zFfa2Mi5FFy9LKVpalCBqVno/Ng="
        },
        "react": {
            "version": "15.6.1",
            "resolved": "https://registry.npmjs.org/react/-/react-15.6.1.tgz",
            "integrity": "sha1-uqhDTsZ4C96ZfNw4C3nNM7ljk98="
        },
        "react-dom": {
            "version": "15.6.1",
            "resolved": "https://registry.npmjs.org/react-dom/-/react-dom-15.6.1.tgz",
            "integrity": "sha1-LLDtQZEDjlPCCes6eaI+Kkz5lHA="
        },
        "react-router-dom": {
            "version": "4.1.1",
            "resolved": "https://registry.npmjs.org/react-router-dom/-/react-router-dom-4.1.1.tgz",
            "integrity": "sha1-MCGt4fLBYK+Xz5TiVZTF8pRYMCU="
        },
        "react-scripts": {
            "version": "0.9.5",
            "resolved": "https://registry.npmjs.org/react-scripts/-/react-scripts-0.9.5.tgz",
            "integrity": "sha1-6fBchCficTFmKpudepeG0f8Wuz8=",
            "dev": true
        }
    }
}
